// !$*UTF8*$!
{
	archiveVersion = 1;
	classes = {
	};
	objectVersion = 46;
	objects = {

/* Begin PBXBuildFile section */
		04DCC21F1CD6A1B200ED9EF3 /* main.m in Sources */ = {isa = PBXBuildFile; fileRef = 04DCC21E1CD6A1B200ED9EF3 /* main.m */; };
		04DCC2221CD6A1B200ED9EF3 /* AppDelegate.m in Sources */ = {isa = PBXBuildFile; fileRef = 04DCC2211CD6A1B200ED9EF3 /* AppDelegate.m */; };
		04DCC2251CD6A1B200ED9EF3 /* ViewController.m in Sources */ = {isa = PBXBuildFile; fileRef = 04DCC2241CD6A1B200ED9EF3 /* ViewController.m */; };
		04DCC2281CD6A1B200ED9EF3 /* Main.storyboard in Resources */ = {isa = PBXBuildFile; fileRef = 04DCC2261CD6A1B200ED9EF3 /* Main.storyboard */; };
		04DCC22A1CD6A1B200ED9EF3 /* Assets.xcassets in Resources */ = {isa = PBXBuildFile; fileRef = 04DCC2291CD6A1B200ED9EF3 /* Assets.xcassets */; };
		04DCC22D1CD6A1B200ED9EF3 /* LaunchScreen.storyboard in Resources */ = {isa = PBXBuildFile; fileRef = 04DCC22B1CD6A1B200ED9EF3 /* LaunchScreen.storyboard */; };
		04DCC2381CD6A1B200ED9EF3 /* VancouverMetalShows_v2_0Tests.m in Sources */ = {isa = PBXBuildFile; fileRef = 04DCC2371CD6A1B200ED9EF3 /* VancouverMetalShows_v2_0Tests.m */; };
		04DCC2431CD6A1B200ED9EF3 /* VancouverMetalShows_v2_0UITests.m in Sources */ = {isa = PBXBuildFile; fileRef = 04DCC2421CD6A1B200ED9EF3 /* VancouverMetalShows_v2_0UITests.m */; };
		04DCC2521CD6A59300ED9EF3 /* ShowModel.m in Sources */ = {isa = PBXBuildFile; fileRef = 04DCC2511CD6A59300ED9EF3 /* ShowModel.m */; };
		04DCC2551CD6AC1200ED9EF3 /* MainViewController.m in Sources */ = {isa = PBXBuildFile; fileRef = 04DCC2541CD6AC1200ED9EF3 /* MainViewController.m */; };
		140D1971263FB55200BAA11E /* ShowTableViewCell.m in Sources */ = {isa = PBXBuildFile; fileRef = 140D196F263FB55200BAA11E /* ShowTableViewCell.m */; };
		140D1972263FB55200BAA11E /* ShowTableViewCell.xib in Resources */ = {isa = PBXBuildFile; fileRef = 140D1970263FB55200BAA11E /* ShowTableViewCell.xib */; };
		140D198D265740A900BAA11E /* GoogleService-Info.plist in Resources */ = {isa = PBXBuildFile; fileRef = 140D198C265740A900BAA11E /* GoogleService-Info.plist */; };
		140D19E82658837300BAA11E /* FavShowTableViewCell.m in Sources */ = {isa = PBXBuildFile; fileRef = 140D19E62658837300BAA11E /* FavShowTableViewCell.m */; };
		140D19E92658837300BAA11E /* FavShowTableViewCell.xib in Resources */ = {isa = PBXBuildFile; fileRef = 140D19E72658837300BAA11E /* FavShowTableViewCell.xib */; };
		140D19F3265AEF1700BAA11E /* Launch Screen.storyboard in Resources */ = {isa = PBXBuildFile; fileRef = 140D19F2265AEF1700BAA11E /* Launch Screen.storyboard */; };
		140D1A12265C6E5300BAA11E /* Accelerate.framework in Frameworks */ = {isa = PBXBuildFile; fileRef = 140D1A11265C6E5300BAA11E /* Accelerate.framework */; };
		140D1A14265C6E5E00BAA11E /* CoreData.framework in Frameworks */ = {isa = PBXBuildFile; fileRef = 140D1A13265C6E5E00BAA11E /* CoreData.framework */; };
		140D1A16265C6E6900BAA11E /* CoreGraphics.framework in Frameworks */ = {isa = PBXBuildFile; fileRef = 140D1A15265C6E6900BAA11E /* CoreGraphics.framework */; };
		140D1A18265C6E7500BAA11E /* CoreImage.framework in Frameworks */ = {isa = PBXBuildFile; fileRef = 140D1A17265C6E7500BAA11E /* CoreImage.framework */; };
		140D1A1A265C6E8000BAA11E /* CoreLocation.framework in Frameworks */ = {isa = PBXBuildFile; fileRef = 140D1A19265C6E8000BAA11E /* CoreLocation.framework */; };
		140D1A1C265C6E9600BAA11E /* CoreTelephony.framework in Frameworks */ = {isa = PBXBuildFile; fileRef = 140D1A1B265C6E9600BAA11E /* CoreTelephony.framework */; };
		140D1A1E265C6E9E00BAA11E /* CoreText.framework in Frameworks */ = {isa = PBXBuildFile; fileRef = 140D1A1D265C6E9E00BAA11E /* CoreText.framework */; };
		140D1A20265C6EA400BAA11E /* GLKit.framework in Frameworks */ = {isa = PBXBuildFile; fileRef = 140D1A1F265C6EA400BAA11E /* GLKit.framework */; };
		140D1A22265C6EAD00BAA11E /* ImageIO.framework in Frameworks */ = {isa = PBXBuildFile; fileRef = 140D1A21265C6EAD00BAA11E /* ImageIO.framework */; };
		140D1A24265C6ECF00BAA11E /* libc++.tbd in Frameworks */ = {isa = PBXBuildFile; fileRef = 140D1A23265C6ECF00BAA11E /* libc++.tbd */; };
		140D1A29265C6ED900BAA11E /* OpenGLES.framework in Frameworks */ = {isa = PBXBuildFile; fileRef = 140D1A28265C6ED900BAA11E /* OpenGLES.framework */; };
		140D1A2B265C6EE400BAA11E /* QuartzCore.framework in Frameworks */ = {isa = PBXBuildFile; fileRef = 140D1A2A265C6EE400BAA11E /* QuartzCore.framework */; };
		140D1A2D265C6EED00BAA11E /* SystemConfiguration.framework in Frameworks */ = {isa = PBXBuildFile; fileRef = 140D1A2C265C6EED00BAA11E /* SystemConfiguration.framework */; };
		140D1A2F265C6EF600BAA11E /* UIKit.framework in Frameworks */ = {isa = PBXBuildFile; fileRef = 140D1A2E265C6EF600BAA11E /* UIKit.framework */; };
		140D1A3A265C7A5600BAA11E /* libz.tbd in Frameworks */ = {isa = PBXBuildFile; fileRef = 140D1A39265C7A5600BAA11E /* libz.tbd */; };
		140D1A71265C850500BAA11E /* GoogleMaps.framework in Frameworks */ = {isa = PBXBuildFile; fileRef = 140D1A70265C850500BAA11E /* GoogleMaps.framework */; };
		140D1A73265C850A00BAA11E /* GoogleMapsCore.framework in Frameworks */ = {isa = PBXBuildFile; fileRef = 140D1A72265C850A00BAA11E /* GoogleMapsCore.framework */; };
		140D1A75265C852A00BAA11E /* GoogleMapsBase.framework in Frameworks */ = {isa = PBXBuildFile; fileRef = 140D1A74265C852A00BAA11E /* GoogleMapsBase.framework */; };
		140D1A77265C853F00BAA11E /* GoogleMaps.bundle in Resources */ = {isa = PBXBuildFile; fileRef = 140D1A76265C853F00BAA11E /* GoogleMaps.bundle */; };
		146AA3F921D328C7007148D0 /* data.json in Resources */ = {isa = PBXBuildFile; fileRef = 146AA3F821D328C7007148D0 /* data.json */; };
		146F7C632409F86D0032EB1F /* FavouritesTableViewController.m in Sources */ = {isa = PBXBuildFile; fileRef = 146F7C622409F86D0032EB1F /* FavouritesTableViewController.m */; };
		14AB651F269792B100BE3A16 /* MapKit.framework in Frameworks */ = {isa = PBXBuildFile; fileRef = 14AB651E269792B100BE3A16 /* MapKit.framework */; };
		14E090C7234136190037EC64 /* DetailViewController.m in Sources */ = {isa = PBXBuildFile; fileRef = 14E090C6234136190037EC64 /* DetailViewController.m */; };
		D91F2DCD1F949E595B5D0893 /* Pods_VancouverMetalShows_v2_0Tests.framework in Frameworks */ = {isa = PBXBuildFile; fileRef = 78C30159B8FECC7B1DCD14F3 /* Pods_VancouverMetalShows_v2_0Tests.framework */; };
		F1A6427632E9149338AE0B9F /* Pods_VancouverMetalShows_v2_0.framework in Frameworks */ = {isa = PBXBuildFile; fileRef = F42038904AD693D6852F0795 /* Pods_VancouverMetalShows_v2_0.framework */; };
		F4386EA6A247CA3708D91650 /* Pods_VancouverMetalShows_v2_0_VancouverMetalShows_v2_0UITests.framework in Frameworks */ = {isa = PBXBuildFile; fileRef = 38CAB691027F219B22A610B5 /* Pods_VancouverMetalShows_v2_0_VancouverMetalShows_v2_0UITests.framework */; };
/* End PBXBuildFile section */

/* Begin PBXContainerItemProxy section */
		04DCC2341CD6A1B200ED9EF3 /* PBXContainerItemProxy */ = {
			isa = PBXContainerItemProxy;
			containerPortal = 04DCC2121CD6A1B200ED9EF3 /* Project object */;
			proxyType = 1;
			remoteGlobalIDString = 04DCC2191CD6A1B200ED9EF3;
			remoteInfo = VancouverMetalShows_v2.0;
		};
		04DCC23F1CD6A1B200ED9EF3 /* PBXContainerItemProxy */ = {
			isa = PBXContainerItemProxy;
			containerPortal = 04DCC2121CD6A1B200ED9EF3 /* Project object */;
			proxyType = 1;
			remoteGlobalIDString = 04DCC2191CD6A1B200ED9EF3;
			remoteInfo = VancouverMetalShows_v2.0;
		};
/* End PBXContainerItemProxy section */

/* Begin PBXFileReference section */
		04DCC21A1CD6A1B200ED9EF3 /* VancouverMetalShows_v2.0.app */ = {isa = PBXFileReference; explicitFileType = wrapper.application; includeInIndex = 0; path = VancouverMetalShows_v2.0.app; sourceTree = BUILT_PRODUCTS_DIR; };
		04DCC21E1CD6A1B200ED9EF3 /* main.m */ = {isa = PBXFileReference; lastKnownFileType = sourcecode.c.objc; path = main.m; sourceTree = "<group>"; };
		04DCC2201CD6A1B200ED9EF3 /* AppDelegate.h */ = {isa = PBXFileReference; lastKnownFileType = sourcecode.c.h; path = AppDelegate.h; sourceTree = "<group>"; };
		04DCC2211CD6A1B200ED9EF3 /* AppDelegate.m */ = {isa = PBXFileReference; lastKnownFileType = sourcecode.c.objc; path = AppDelegate.m; sourceTree = "<group>"; };
		04DCC2231CD6A1B200ED9EF3 /* ViewController.h */ = {isa = PBXFileReference; lastKnownFileType = sourcecode.c.h; path = ViewController.h; sourceTree = "<group>"; };
		04DCC2241CD6A1B200ED9EF3 /* ViewController.m */ = {isa = PBXFileReference; lastKnownFileType = sourcecode.c.objc; path = ViewController.m; sourceTree = "<group>"; };
		04DCC2271CD6A1B200ED9EF3 /* Base */ = {isa = PBXFileReference; lastKnownFileType = file.storyboard; name = Base; path = Base.lproj/Main.storyboard; sourceTree = "<group>"; };
		04DCC2291CD6A1B200ED9EF3 /* Assets.xcassets */ = {isa = PBXFileReference; lastKnownFileType = folder.assetcatalog; path = Assets.xcassets; sourceTree = "<group>"; };
		04DCC22C1CD6A1B200ED9EF3 /* Base */ = {isa = PBXFileReference; lastKnownFileType = file.storyboard; name = Base; path = Base.lproj/LaunchScreen.storyboard; sourceTree = "<group>"; };
		04DCC22E1CD6A1B200ED9EF3 /* Info.plist */ = {isa = PBXFileReference; lastKnownFileType = text.plist.xml; path = Info.plist; sourceTree = "<group>"; };
		04DCC2331CD6A1B200ED9EF3 /* VancouverMetalShows_v2.0Tests.xctest */ = {isa = PBXFileReference; explicitFileType = wrapper.cfbundle; includeInIndex = 0; path = VancouverMetalShows_v2.0Tests.xctest; sourceTree = BUILT_PRODUCTS_DIR; };
		04DCC2371CD6A1B200ED9EF3 /* VancouverMetalShows_v2_0Tests.m */ = {isa = PBXFileReference; lastKnownFileType = sourcecode.c.objc; path = VancouverMetalShows_v2_0Tests.m; sourceTree = "<group>"; };
		04DCC2391CD6A1B200ED9EF3 /* Info.plist */ = {isa = PBXFileReference; lastKnownFileType = text.plist.xml; path = Info.plist; sourceTree = "<group>"; };
		04DCC23E1CD6A1B200ED9EF3 /* VancouverMetalShows_v2.0UITests.xctest */ = {isa = PBXFileReference; explicitFileType = wrapper.cfbundle; includeInIndex = 0; path = VancouverMetalShows_v2.0UITests.xctest; sourceTree = BUILT_PRODUCTS_DIR; };
		04DCC2421CD6A1B200ED9EF3 /* VancouverMetalShows_v2_0UITests.m */ = {isa = PBXFileReference; lastKnownFileType = sourcecode.c.objc; path = VancouverMetalShows_v2_0UITests.m; sourceTree = "<group>"; };
		04DCC2441CD6A1B200ED9EF3 /* Info.plist */ = {isa = PBXFileReference; lastKnownFileType = text.plist.xml; path = Info.plist; sourceTree = "<group>"; };
		04DCC2501CD6A59300ED9EF3 /* ShowModel.h */ = {isa = PBXFileReference; fileEncoding = 4; lastKnownFileType = sourcecode.c.h; path = ShowModel.h; sourceTree = "<group>"; };
		04DCC2511CD6A59300ED9EF3 /* ShowModel.m */ = {isa = PBXFileReference; fileEncoding = 4; lastKnownFileType = sourcecode.c.objc; path = ShowModel.m; sourceTree = "<group>"; };
		04DCC2531CD6AC1200ED9EF3 /* MainViewController.h */ = {isa = PBXFileReference; fileEncoding = 4; lastKnownFileType = sourcecode.c.h; path = MainViewController.h; sourceTree = "<group>"; };
		04DCC2541CD6AC1200ED9EF3 /* MainViewController.m */ = {isa = PBXFileReference; fileEncoding = 4; lastKnownFileType = sourcecode.c.objc; path = MainViewController.m; sourceTree = "<group>"; };
		140D196E263FB55200BAA11E /* ShowTableViewCell.h */ = {isa = PBXFileReference; lastKnownFileType = sourcecode.c.h; path = ShowTableViewCell.h; sourceTree = "<group>"; };
		140D196F263FB55200BAA11E /* ShowTableViewCell.m */ = {isa = PBXFileReference; lastKnownFileType = sourcecode.c.objc; path = ShowTableViewCell.m; sourceTree = "<group>"; };
		140D1970263FB55200BAA11E /* ShowTableViewCell.xib */ = {isa = PBXFileReference; lastKnownFileType = file.xib; path = ShowTableViewCell.xib; sourceTree = "<group>"; };
		140D198C265740A900BAA11E /* GoogleService-Info.plist */ = {isa = PBXFileReference; fileEncoding = 4; lastKnownFileType = text.plist.xml; path = "GoogleService-Info.plist"; sourceTree = "<group>"; };
		140D19E52658837300BAA11E /* FavShowTableViewCell.h */ = {isa = PBXFileReference; lastKnownFileType = sourcecode.c.h; path = FavShowTableViewCell.h; sourceTree = "<group>"; };
		140D19E62658837300BAA11E /* FavShowTableViewCell.m */ = {isa = PBXFileReference; lastKnownFileType = sourcecode.c.objc; path = FavShowTableViewCell.m; sourceTree = "<group>"; };
		140D19E72658837300BAA11E /* FavShowTableViewCell.xib */ = {isa = PBXFileReference; lastKnownFileType = file.xib; path = FavShowTableViewCell.xib; sourceTree = "<group>"; };
		140D19F2265AEF1700BAA11E /* Launch Screen.storyboard */ = {isa = PBXFileReference; lastKnownFileType = file.storyboard; path = "Launch Screen.storyboard"; sourceTree = "<group>"; };
		140D1A11265C6E5300BAA11E /* Accelerate.framework */ = {isa = PBXFileReference; lastKnownFileType = wrapper.framework; name = Accelerate.framework; path = System/Library/Frameworks/Accelerate.framework; sourceTree = SDKROOT; };
		140D1A13265C6E5E00BAA11E /* CoreData.framework */ = {isa = PBXFileReference; lastKnownFileType = wrapper.framework; name = CoreData.framework; path = System/Library/Frameworks/CoreData.framework; sourceTree = SDKROOT; };
		140D1A15265C6E6900BAA11E /* CoreGraphics.framework */ = {isa = PBXFileReference; lastKnownFileType = wrapper.framework; name = CoreGraphics.framework; path = System/Library/Frameworks/CoreGraphics.framework; sourceTree = SDKROOT; };
		140D1A17265C6E7500BAA11E /* CoreImage.framework */ = {isa = PBXFileReference; lastKnownFileType = wrapper.framework; name = CoreImage.framework; path = System/Library/Frameworks/CoreImage.framework; sourceTree = SDKROOT; };
		140D1A19265C6E8000BAA11E /* CoreLocation.framework */ = {isa = PBXFileReference; lastKnownFileType = wrapper.framework; name = CoreLocation.framework; path = System/Library/Frameworks/CoreLocation.framework; sourceTree = SDKROOT; };
		140D1A1B265C6E9600BAA11E /* CoreTelephony.framework */ = {isa = PBXFileReference; lastKnownFileType = wrapper.framework; name = CoreTelephony.framework; path = System/Library/Frameworks/CoreTelephony.framework; sourceTree = SDKROOT; };
		140D1A1D265C6E9E00BAA11E /* CoreText.framework */ = {isa = PBXFileReference; lastKnownFileType = wrapper.framework; name = CoreText.framework; path = System/Library/Frameworks/CoreText.framework; sourceTree = SDKROOT; };
		140D1A1F265C6EA400BAA11E /* GLKit.framework */ = {isa = PBXFileReference; lastKnownFileType = wrapper.framework; name = GLKit.framework; path = System/Library/Frameworks/GLKit.framework; sourceTree = SDKROOT; };
		140D1A21265C6EAD00BAA11E /* ImageIO.framework */ = {isa = PBXFileReference; lastKnownFileType = wrapper.framework; name = ImageIO.framework; path = System/Library/Frameworks/ImageIO.framework; sourceTree = SDKROOT; };
		140D1A23265C6ECF00BAA11E /* libc++.tbd */ = {isa = PBXFileReference; lastKnownFileType = "sourcecode.text-based-dylib-definition"; name = "libc++.tbd"; path = "usr/lib/libc++.tbd"; sourceTree = SDKROOT; };
		140D1A28265C6ED900BAA11E /* OpenGLES.framework */ = {isa = PBXFileReference; lastKnownFileType = wrapper.framework; name = OpenGLES.framework; path = System/Library/Frameworks/OpenGLES.framework; sourceTree = SDKROOT; };
		140D1A2A265C6EE400BAA11E /* QuartzCore.framework */ = {isa = PBXFileReference; lastKnownFileType = wrapper.framework; name = QuartzCore.framework; path = System/Library/Frameworks/QuartzCore.framework; sourceTree = SDKROOT; };
		140D1A2C265C6EED00BAA11E /* SystemConfiguration.framework */ = {isa = PBXFileReference; lastKnownFileType = wrapper.framework; name = SystemConfiguration.framework; path = System/Library/Frameworks/SystemConfiguration.framework; sourceTree = SDKROOT; };
		140D1A2E265C6EF600BAA11E /* UIKit.framework */ = {isa = PBXFileReference; lastKnownFileType = wrapper.framework; name = UIKit.framework; path = System/Library/Frameworks/UIKit.framework; sourceTree = SDKROOT; };
		140D1A39265C7A5600BAA11E /* libz.tbd */ = {isa = PBXFileReference; lastKnownFileType = "sourcecode.text-based-dylib-definition"; name = libz.tbd; path = usr/lib/libz.tbd; sourceTree = SDKROOT; };
		140D1A70265C850500BAA11E /* GoogleMaps.framework */ = {isa = PBXFileReference; lastKnownFileType = wrapper.framework; name = GoogleMaps.framework; path = "GoogleMaps-5.0.0/Maps/Frameworks/GoogleMaps.framework"; sourceTree = SOURCE_ROOT; };
		140D1A72265C850A00BAA11E /* GoogleMapsCore.framework */ = {isa = PBXFileReference; lastKnownFileType = wrapper.framework; name = GoogleMapsCore.framework; path = "GoogleMaps-5.0.0/Maps/Frameworks/GoogleMapsCore.framework"; sourceTree = SOURCE_ROOT; };
		140D1A74265C852A00BAA11E /* GoogleMapsBase.framework */ = {isa = PBXFileReference; lastKnownFileType = wrapper.framework; name = GoogleMapsBase.framework; path = "GoogleMaps-5.0.0/Base/Frameworks/GoogleMapsBase.framework"; sourceTree = SOURCE_ROOT; };
		140D1A76265C853F00BAA11E /* GoogleMaps.bundle */ = {isa = PBXFileReference; lastKnownFileType = "wrapper.plug-in"; name = GoogleMaps.bundle; path = "GoogleMaps-5.0.0/Maps/Frameworks/GoogleMaps.framework/Resources/GoogleMaps.bundle"; sourceTree = SOURCE_ROOT; };
		146AA3F821D328C7007148D0 /* data.json */ = {isa = PBXFileReference; fileEncoding = 4; lastKnownFileType = text.json; path = data.json; sourceTree = "<group>"; };
		146AA3FA21EBC3E0007148D0 /* DetailViewController.h */ = {isa = PBXFileReference; lastKnownFileType = sourcecode.c.h; path = DetailViewController.h; sourceTree = "<group>"; };
		146F7C612409F86D0032EB1F /* FavouritesTableViewController.h */ = {isa = PBXFileReference; lastKnownFileType = sourcecode.c.h; path = FavouritesTableViewController.h; sourceTree = "<group>"; };
		146F7C622409F86D0032EB1F /* FavouritesTableViewController.m */ = {isa = PBXFileReference; lastKnownFileType = sourcecode.c.objc; path = FavouritesTableViewController.m; sourceTree = "<group>"; };
		14AB651E269792B100BE3A16 /* MapKit.framework */ = {isa = PBXFileReference; lastKnownFileType = wrapper.framework; name = MapKit.framework; path = System/Library/Frameworks/MapKit.framework; sourceTree = SDKROOT; };
		14E090C6234136190037EC64 /* DetailViewController.m */ = {isa = PBXFileReference; fileEncoding = 4; lastKnownFileType = sourcecode.c.objc; path = DetailViewController.m; sourceTree = "<group>"; };
		38CAB691027F219B22A610B5 /* Pods_VancouverMetalShows_v2_0_VancouverMetalShows_v2_0UITests.framework */ = {isa = PBXFileReference; explicitFileType = wrapper.framework; includeInIndex = 0; path = Pods_VancouverMetalShows_v2_0_VancouverMetalShows_v2_0UITests.framework; sourceTree = BUILT_PRODUCTS_DIR; };
		422E2B0C85DD72C19E41BA56 /* Pods-VancouverMetalShows_v2.0-VancouverMetalShows_v2.0UITests.release.xcconfig */ = {isa = PBXFileReference; includeInIndex = 1; lastKnownFileType = text.xcconfig; name = "Pods-VancouverMetalShows_v2.0-VancouverMetalShows_v2.0UITests.release.xcconfig"; path = "Target Support Files/Pods-VancouverMetalShows_v2.0-VancouverMetalShows_v2.0UITests/Pods-VancouverMetalShows_v2.0-VancouverMetalShows_v2.0UITests.release.xcconfig"; sourceTree = "<group>"; };
		63FBEB21285EDFBFB4089ABA /* Pods-VancouverMetalShows_v2.0-VancouverMetalShows_v2.0UITests.debug.xcconfig */ = {isa = PBXFileReference; includeInIndex = 1; lastKnownFileType = text.xcconfig; name = "Pods-VancouverMetalShows_v2.0-VancouverMetalShows_v2.0UITests.debug.xcconfig"; path = "Target Support Files/Pods-VancouverMetalShows_v2.0-VancouverMetalShows_v2.0UITests/Pods-VancouverMetalShows_v2.0-VancouverMetalShows_v2.0UITests.debug.xcconfig"; sourceTree = "<group>"; };
		78C30159B8FECC7B1DCD14F3 /* Pods_VancouverMetalShows_v2_0Tests.framework */ = {isa = PBXFileReference; explicitFileType = wrapper.framework; includeInIndex = 0; path = Pods_VancouverMetalShows_v2_0Tests.framework; sourceTree = BUILT_PRODUCTS_DIR; };
		9E223F1B309A44C64637B9ED /* Pods-VancouverMetalShows_v2.0Tests.debug.xcconfig */ = {isa = PBXFileReference; includeInIndex = 1; lastKnownFileType = text.xcconfig; name = "Pods-VancouverMetalShows_v2.0Tests.debug.xcconfig"; path = "Target Support Files/Pods-VancouverMetalShows_v2.0Tests/Pods-VancouverMetalShows_v2.0Tests.debug.xcconfig"; sourceTree = "<group>"; };
		D2DA762B1D8E5BE4B826D713 /* Pods-VancouverMetalShows_v2.0.release.xcconfig */ = {isa = PBXFileReference; includeInIndex = 1; lastKnownFileType = text.xcconfig; name = "Pods-VancouverMetalShows_v2.0.release.xcconfig"; path = "Target Support Files/Pods-VancouverMetalShows_v2.0/Pods-VancouverMetalShows_v2.0.release.xcconfig"; sourceTree = "<group>"; };
		D984DB2A6F7970488F3F366A /* Pods-VancouverMetalShows_v2.0Tests.release.xcconfig */ = {isa = PBXFileReference; includeInIndex = 1; lastKnownFileType = text.xcconfig; name = "Pods-VancouverMetalShows_v2.0Tests.release.xcconfig"; path = "Target Support Files/Pods-VancouverMetalShows_v2.0Tests/Pods-VancouverMetalShows_v2.0Tests.release.xcconfig"; sourceTree = "<group>"; };
		E44A9A25C006100285ED0FCD /* Pods-VancouverMetalShows_v2.0.debug.xcconfig */ = {isa = PBXFileReference; includeInIndex = 1; lastKnownFileType = text.xcconfig; name = "Pods-VancouverMetalShows_v2.0.debug.xcconfig"; path = "Target Support Files/Pods-VancouverMetalShows_v2.0/Pods-VancouverMetalShows_v2.0.debug.xcconfig"; sourceTree = "<group>"; };
		F42038904AD693D6852F0795 /* Pods_VancouverMetalShows_v2_0.framework */ = {isa = PBXFileReference; explicitFileType = wrapper.framework; includeInIndex = 0; path = Pods_VancouverMetalShows_v2_0.framework; sourceTree = BUILT_PRODUCTS_DIR; };
/* End PBXFileReference section */

/* Begin PBXFrameworksBuildPhase section */
		04DCC2171CD6A1B200ED9EF3 /* Frameworks */ = {
			isa = PBXFrameworksBuildPhase;
			buildActionMask = 2147483647;
			files = (
				140D1A3A265C7A5600BAA11E /* libz.tbd in Frameworks */,
				140D1A2F265C6EF600BAA11E /* UIKit.framework in Frameworks */,
				14AB651F269792B100BE3A16 /* MapKit.framework in Frameworks */,
				140D1A2D265C6EED00BAA11E /* SystemConfiguration.framework in Frameworks */,
				140D1A2B265C6EE400BAA11E /* QuartzCore.framework in Frameworks */,
				140D1A29265C6ED900BAA11E /* OpenGLES.framework in Frameworks */,
				140D1A24265C6ECF00BAA11E /* libc++.tbd in Frameworks */,
				140D1A22265C6EAD00BAA11E /* ImageIO.framework in Frameworks */,
				140D1A73265C850A00BAA11E /* GoogleMapsCore.framework in Frameworks */,
				140D1A20265C6EA400BAA11E /* GLKit.framework in Frameworks */,
				140D1A1E265C6E9E00BAA11E /* CoreText.framework in Frameworks */,
				140D1A1C265C6E9600BAA11E /* CoreTelephony.framework in Frameworks */,
				140D1A1A265C6E8000BAA11E /* CoreLocation.framework in Frameworks */,
				140D1A18265C6E7500BAA11E /* CoreImage.framework in Frameworks */,
				140D1A16265C6E6900BAA11E /* CoreGraphics.framework in Frameworks */,
				140D1A14265C6E5E00BAA11E /* CoreData.framework in Frameworks */,
				140D1A75265C852A00BAA11E /* GoogleMapsBase.framework in Frameworks */,
				140D1A71265C850500BAA11E /* GoogleMaps.framework in Frameworks */,
				140D1A12265C6E5300BAA11E /* Accelerate.framework in Frameworks */,
				F1A6427632E9149338AE0B9F /* Pods_VancouverMetalShows_v2_0.framework in Frameworks */,
			);
			runOnlyForDeploymentPostprocessing = 0;
		};
		04DCC2301CD6A1B200ED9EF3 /* Frameworks */ = {
			isa = PBXFrameworksBuildPhase;
			buildActionMask = 2147483647;
			files = (
				D91F2DCD1F949E595B5D0893 /* Pods_VancouverMetalShows_v2_0Tests.framework in Frameworks */,
			);
			runOnlyForDeploymentPostprocessing = 0;
		};
		04DCC23B1CD6A1B200ED9EF3 /* Frameworks */ = {
			isa = PBXFrameworksBuildPhase;
			buildActionMask = 2147483647;
			files = (
				F4386EA6A247CA3708D91650 /* Pods_VancouverMetalShows_v2_0_VancouverMetalShows_v2_0UITests.framework in Frameworks */,
			);
			runOnlyForDeploymentPostprocessing = 0;
		};
/* End PBXFrameworksBuildPhase section */

/* Begin PBXGroup section */
		04DCC2111CD6A1B200ED9EF3 = {
			isa = PBXGroup;
			children = (
				04DCC21C1CD6A1B200ED9EF3 /* VancouverMetalShows_v2.0 */,
				04DCC2361CD6A1B200ED9EF3 /* VancouverMetalShows_v2.0Tests */,
				04DCC2411CD6A1B200ED9EF3 /* VancouverMetalShows_v2.0UITests */,
				04DCC21B1CD6A1B200ED9EF3 /* Products */,
				3A611A4D219605E436E2D20E /* Pods */,
				FFD1765F0CD6ADAC8567FEDF /* Frameworks */,
			);
			sourceTree = "<group>";
		};
		04DCC21B1CD6A1B200ED9EF3 /* Products */ = {
			isa = PBXGroup;
			children = (
				04DCC21A1CD6A1B200ED9EF3 /* VancouverMetalShows_v2.0.app */,
				04DCC2331CD6A1B200ED9EF3 /* VancouverMetalShows_v2.0Tests.xctest */,
				04DCC23E1CD6A1B200ED9EF3 /* VancouverMetalShows_v2.0UITests.xctest */,
			);
			name = Products;
			sourceTree = "<group>";
		};
		04DCC21C1CD6A1B200ED9EF3 /* VancouverMetalShows_v2.0 */ = {
			isa = PBXGroup;
			children = (
				04DCC2201CD6A1B200ED9EF3 /* AppDelegate.h */,
				04DCC2211CD6A1B200ED9EF3 /* AppDelegate.m */,
				140D1B682669E64900BAA11E /* Cells */,
				140D19F2265AEF1700BAA11E /* Launch Screen.storyboard */,
				146AA3F821D328C7007148D0 /* data.json */,
				140D1B642669E54200BAA11E /* Classes */,
				140D1B632669E52300BAA11E /* Controllers */,
				140D198C265740A900BAA11E /* GoogleService-Info.plist */,
				04DCC2261CD6A1B200ED9EF3 /* Main.storyboard */,
				04DCC2291CD6A1B200ED9EF3 /* Assets.xcassets */,
				04DCC22B1CD6A1B200ED9EF3 /* LaunchScreen.storyboard */,
				04DCC22E1CD6A1B200ED9EF3 /* Info.plist */,
				04DCC21D1CD6A1B200ED9EF3 /* Supporting Files */,
				140D1A76265C853F00BAA11E /* GoogleMaps.bundle */,
				140D1A74265C852A00BAA11E /* GoogleMapsBase.framework */,
				140D1A72265C850A00BAA11E /* GoogleMapsCore.framework */,
				140D1A70265C850500BAA11E /* GoogleMaps.framework */,
			);
			path = VancouverMetalShows_v2.0;
			sourceTree = "<group>";
		};
		04DCC21D1CD6A1B200ED9EF3 /* Supporting Files */ = {
			isa = PBXGroup;
			children = (
				04DCC21E1CD6A1B200ED9EF3 /* main.m */,
			);
			name = "Supporting Files";
			sourceTree = "<group>";
		};
		04DCC2361CD6A1B200ED9EF3 /* VancouverMetalShows_v2.0Tests */ = {
			isa = PBXGroup;
			children = (
				04DCC2371CD6A1B200ED9EF3 /* VancouverMetalShows_v2_0Tests.m */,
				04DCC2391CD6A1B200ED9EF3 /* Info.plist */,
			);
			path = VancouverMetalShows_v2.0Tests;
			sourceTree = "<group>";
		};
		04DCC2411CD6A1B200ED9EF3 /* VancouverMetalShows_v2.0UITests */ = {
			isa = PBXGroup;
			children = (
				04DCC2421CD6A1B200ED9EF3 /* VancouverMetalShows_v2_0UITests.m */,
				04DCC2441CD6A1B200ED9EF3 /* Info.plist */,
			);
			path = VancouverMetalShows_v2.0UITests;
			sourceTree = "<group>";
		};
		140D1B632669E52300BAA11E /* Controllers */ = {
			isa = PBXGroup;
			children = (
				04DCC2231CD6A1B200ED9EF3 /* ViewController.h */,
				146AA3FA21EBC3E0007148D0 /* DetailViewController.h */,
				14E090C6234136190037EC64 /* DetailViewController.m */,
				04DCC2241CD6A1B200ED9EF3 /* ViewController.m */,
				146F7C612409F86D0032EB1F /* FavouritesTableViewController.h */,
				146F7C622409F86D0032EB1F /* FavouritesTableViewController.m */,
				04DCC2531CD6AC1200ED9EF3 /* MainViewController.h */,
				04DCC2541CD6AC1200ED9EF3 /* MainViewController.m */,
			);
			path = Controllers;
			sourceTree = "<group>";
		};
		140D1B642669E54200BAA11E /* Classes */ = {
			isa = PBXGroup;
			children = (
				04DCC2501CD6A59300ED9EF3 /* ShowModel.h */,
				04DCC2511CD6A59300ED9EF3 /* ShowModel.m */,
			);
			path = Classes;
			sourceTree = "<group>";
		};
		140D1B682669E64900BAA11E /* Cells */ = {
			isa = PBXGroup;
			children = (
				140D196E263FB55200BAA11E /* ShowTableViewCell.h */,
				140D19E52658837300BAA11E /* FavShowTableViewCell.h */,
				140D19E62658837300BAA11E /* FavShowTableViewCell.m */,
				140D19E72658837300BAA11E /* FavShowTableViewCell.xib */,
				140D196F263FB55200BAA11E /* ShowTableViewCell.m */,
				140D1970263FB55200BAA11E /* ShowTableViewCell.xib */,
			);
			path = Cells;
			sourceTree = "<group>";
		};
		3A611A4D219605E436E2D20E /* Pods */ = {
			isa = PBXGroup;
			children = (
				E44A9A25C006100285ED0FCD /* Pods-VancouverMetalShows_v2.0.debug.xcconfig */,
				D2DA762B1D8E5BE4B826D713 /* Pods-VancouverMetalShows_v2.0.release.xcconfig */,
				63FBEB21285EDFBFB4089ABA /* Pods-VancouverMetalShows_v2.0-VancouverMetalShows_v2.0UITests.debug.xcconfig */,
				422E2B0C85DD72C19E41BA56 /* Pods-VancouverMetalShows_v2.0-VancouverMetalShows_v2.0UITests.release.xcconfig */,
				9E223F1B309A44C64637B9ED /* Pods-VancouverMetalShows_v2.0Tests.debug.xcconfig */,
				D984DB2A6F7970488F3F366A /* Pods-VancouverMetalShows_v2.0Tests.release.xcconfig */,
			);
			path = Pods;
			sourceTree = "<group>";
		};
		FFD1765F0CD6ADAC8567FEDF /* Frameworks */ = {
			isa = PBXGroup;
			children = (
				14AB651E269792B100BE3A16 /* MapKit.framework */,
				140D1A39265C7A5600BAA11E /* libz.tbd */,
				140D1A2E265C6EF600BAA11E /* UIKit.framework */,
				140D1A2C265C6EED00BAA11E /* SystemConfiguration.framework */,
				140D1A2A265C6EE400BAA11E /* QuartzCore.framework */,
				140D1A28265C6ED900BAA11E /* OpenGLES.framework */,
				140D1A23265C6ECF00BAA11E /* libc++.tbd */,
				140D1A21265C6EAD00BAA11E /* ImageIO.framework */,
				140D1A1F265C6EA400BAA11E /* GLKit.framework */,
				140D1A1D265C6E9E00BAA11E /* CoreText.framework */,
				140D1A1B265C6E9600BAA11E /* CoreTelephony.framework */,
				140D1A19265C6E8000BAA11E /* CoreLocation.framework */,
				140D1A17265C6E7500BAA11E /* CoreImage.framework */,
				140D1A15265C6E6900BAA11E /* CoreGraphics.framework */,
				140D1A13265C6E5E00BAA11E /* CoreData.framework */,
				140D1A11265C6E5300BAA11E /* Accelerate.framework */,
				F42038904AD693D6852F0795 /* Pods_VancouverMetalShows_v2_0.framework */,
				38CAB691027F219B22A610B5 /* Pods_VancouverMetalShows_v2_0_VancouverMetalShows_v2_0UITests.framework */,
				78C30159B8FECC7B1DCD14F3 /* Pods_VancouverMetalShows_v2_0Tests.framework */,
			);
			name = Frameworks;
			sourceTree = "<group>";
		};
/* End PBXGroup section */

/* Begin PBXNativeTarget section */
		04DCC2191CD6A1B200ED9EF3 /* VancouverMetalShows_v2.0 */ = {
			isa = PBXNativeTarget;
			buildConfigurationList = 04DCC2471CD6A1B200ED9EF3 /* Build configuration list for PBXNativeTarget "VancouverMetalShows_v2.0" */;
			buildPhases = (
				F81119A1165E21FA082142ED /* [CP] Check Pods Manifest.lock */,
				04DCC2161CD6A1B200ED9EF3 /* Sources */,
				04DCC2171CD6A1B200ED9EF3 /* Frameworks */,
				04DCC2181CD6A1B200ED9EF3 /* Resources */,
				DFA4715217C73B8BA7257597 /* [CP] Embed Pods Frameworks */,
			);
			buildRules = (
			);
			dependencies = (
			);
			name = VancouverMetalShows_v2.0;
			productName = VancouverMetalShows_v2.0;
			productReference = 04DCC21A1CD6A1B200ED9EF3 /* VancouverMetalShows_v2.0.app */;
			productType = "com.apple.product-type.application";
		};
		04DCC2321CD6A1B200ED9EF3 /* VancouverMetalShows_v2.0Tests */ = {
			isa = PBXNativeTarget;
			buildConfigurationList = 04DCC24A1CD6A1B200ED9EF3 /* Build configuration list for PBXNativeTarget "VancouverMetalShows_v2.0Tests" */;
			buildPhases = (
				50AF5B9892404AC0343CB5CD /* [CP] Check Pods Manifest.lock */,
				04DCC22F1CD6A1B200ED9EF3 /* Sources */,
				04DCC2301CD6A1B200ED9EF3 /* Frameworks */,
				04DCC2311CD6A1B200ED9EF3 /* Resources */,
			);
			buildRules = (
			);
			dependencies = (
				04DCC2351CD6A1B200ED9EF3 /* PBXTargetDependency */,
			);
			name = VancouverMetalShows_v2.0Tests;
			productName = VancouverMetalShows_v2.0Tests;
			productReference = 04DCC2331CD6A1B200ED9EF3 /* VancouverMetalShows_v2.0Tests.xctest */;
			productType = "com.apple.product-type.bundle.unit-test";
		};
		04DCC23D1CD6A1B200ED9EF3 /* VancouverMetalShows_v2.0UITests */ = {
			isa = PBXNativeTarget;
			buildConfigurationList = 04DCC24D1CD6A1B200ED9EF3 /* Build configuration list for PBXNativeTarget "VancouverMetalShows_v2.0UITests" */;
			buildPhases = (
				BA4097EA2BCCCD6EE73A2DFE /* [CP] Check Pods Manifest.lock */,
				04DCC23A1CD6A1B200ED9EF3 /* Sources */,
				04DCC23B1CD6A1B200ED9EF3 /* Frameworks */,
				04DCC23C1CD6A1B200ED9EF3 /* Resources */,
				7D087AD8190EA1BB8CD63C8D /* [CP] Embed Pods Frameworks */,
			);
			buildRules = (
			);
			dependencies = (
				04DCC2401CD6A1B200ED9EF3 /* PBXTargetDependency */,
			);
			name = VancouverMetalShows_v2.0UITests;
			productName = VancouverMetalShows_v2.0UITests;
			productReference = 04DCC23E1CD6A1B200ED9EF3 /* VancouverMetalShows_v2.0UITests.xctest */;
			productType = "com.apple.product-type.bundle.ui-testing";
		};
/* End PBXNativeTarget section */

/* Begin PBXProject section */
		04DCC2121CD6A1B200ED9EF3 /* Project object */ = {
			isa = PBXProject;
			attributes = {
				LastUpgradeCheck = 1250;
				ORGANIZATIONNAME = Nour;
				TargetAttributes = {
					04DCC2191CD6A1B200ED9EF3 = {
						CreatedOnToolsVersion = 7.2;
					};
					04DCC2321CD6A1B200ED9EF3 = {
						CreatedOnToolsVersion = 7.2;
						TestTargetID = 04DCC2191CD6A1B200ED9EF3;
					};
					04DCC23D1CD6A1B200ED9EF3 = {
						CreatedOnToolsVersion = 7.2;
						TestTargetID = 04DCC2191CD6A1B200ED9EF3;
					};
				};
			};
			buildConfigurationList = 04DCC2151CD6A1B200ED9EF3 /* Build configuration list for PBXProject "VancouverMetalShows_v2.0" */;
			compatibilityVersion = "Xcode 3.2";
			developmentRegion = en;
			hasScannedForEncodings = 0;
			knownRegions = (
				en,
				Base,
			);
			mainGroup = 04DCC2111CD6A1B200ED9EF3;
			productRefGroup = 04DCC21B1CD6A1B200ED9EF3 /* Products */;
			projectDirPath = "";
			projectRoot = "";
			targets = (
				04DCC2191CD6A1B200ED9EF3 /* VancouverMetalShows_v2.0 */,
				04DCC2321CD6A1B200ED9EF3 /* VancouverMetalShows_v2.0Tests */,
				04DCC23D1CD6A1B200ED9EF3 /* VancouverMetalShows_v2.0UITests */,
			);
		};
/* End PBXProject section */

/* Begin PBXResourcesBuildPhase section */
		04DCC2181CD6A1B200ED9EF3 /* Resources */ = {
			isa = PBXResourcesBuildPhase;
			buildActionMask = 2147483647;
			files = (
				04DCC22D1CD6A1B200ED9EF3 /* LaunchScreen.storyboard in Resources */,
				140D19E92658837300BAA11E /* FavShowTableViewCell.xib in Resources */,
				04DCC22A1CD6A1B200ED9EF3 /* Assets.xcassets in Resources */,
				140D19F3265AEF1700BAA11E /* Launch Screen.storyboard in Resources */,
				140D1972263FB55200BAA11E /* ShowTableViewCell.xib in Resources */,
				146AA3F921D328C7007148D0 /* data.json in Resources */,
				04DCC2281CD6A1B200ED9EF3 /* Main.storyboard in Resources */,
				140D198D265740A900BAA11E /* GoogleService-Info.plist in Resources */,
				140D1A77265C853F00BAA11E /* GoogleMaps.bundle in Resources */,
			);
			runOnlyForDeploymentPostprocessing = 0;
		};
		04DCC2311CD6A1B200ED9EF3 /* Resources */ = {
			isa = PBXResourcesBuildPhase;
			buildActionMask = 2147483647;
			files = (
			);
			runOnlyForDeploymentPostprocessing = 0;
		};
		04DCC23C1CD6A1B200ED9EF3 /* Resources */ = {
			isa = PBXResourcesBuildPhase;
			buildActionMask = 2147483647;
			files = (
			);
			runOnlyForDeploymentPostprocessing = 0;
		};
/* End PBXResourcesBuildPhase section */

/* Begin PBXShellScriptBuildPhase section */
		50AF5B9892404AC0343CB5CD /* [CP] Check Pods Manifest.lock */ = {
			isa = PBXShellScriptBuildPhase;
			buildActionMask = 2147483647;
			files = (
			);
			inputFileListPaths = (
			);
			inputPaths = (
				"${PODS_PODFILE_DIR_PATH}/Podfile.lock",
				"${PODS_ROOT}/Manifest.lock",
			);
			name = "[CP] Check Pods Manifest.lock";
			outputFileListPaths = (
			);
			outputPaths = (
				"$(DERIVED_FILE_DIR)/Pods-VancouverMetalShows_v2.0Tests-checkManifestLockResult.txt",
			);
			runOnlyForDeploymentPostprocessing = 0;
			shellPath = /bin/sh;
			shellScript = "diff \"${PODS_PODFILE_DIR_PATH}/Podfile.lock\" \"${PODS_ROOT}/Manifest.lock\" > /dev/null\nif [ $? != 0 ] ; then\n    # print error to STDERR\n    echo \"error: The sandbox is not in sync with the Podfile.lock. Run 'pod install' or update your CocoaPods installation.\" >&2\n    exit 1\nfi\n# This output is used by Xcode 'outputs' to avoid re-running this script phase.\necho \"SUCCESS\" > \"${SCRIPT_OUTPUT_FILE_0}\"\n";
			showEnvVarsInLog = 0;
		};
		7D087AD8190EA1BB8CD63C8D /* [CP] Embed Pods Frameworks */ = {
			isa = PBXShellScriptBuildPhase;
			buildActionMask = 2147483647;
			files = (
			);
			inputPaths = (
				"${PODS_ROOT}/Target Support Files/Pods-VancouverMetalShows_v2.0-VancouverMetalShows_v2.0UITests/Pods-VancouverMetalShows_v2.0-VancouverMetalShows_v2.0UITests-frameworks.sh",
				"${BUILT_PRODUCTS_DIR}/BoringSSL-GRPC/openssl_grpc.framework",
				"${BUILT_PRODUCTS_DIR}/GoogleUtilities/GoogleUtilities.framework",
				"${BUILT_PRODUCTS_DIR}/PromisesObjC/FBLPromises.framework",
				"${BUILT_PRODUCTS_DIR}/abseil/absl.framework",
				"${BUILT_PRODUCTS_DIR}/gRPC-C++/grpcpp.framework",
				"${BUILT_PRODUCTS_DIR}/gRPC-Core/grpc.framework",
				"${BUILT_PRODUCTS_DIR}/leveldb-library/leveldb.framework",
				"${BUILT_PRODUCTS_DIR}/nanopb/nanopb.framework",
			);
			name = "[CP] Embed Pods Frameworks";
			outputPaths = (
				"${TARGET_BUILD_DIR}/${FRAMEWORKS_FOLDER_PATH}/openssl_grpc.framework",
				"${TARGET_BUILD_DIR}/${FRAMEWORKS_FOLDER_PATH}/GoogleUtilities.framework",
				"${TARGET_BUILD_DIR}/${FRAMEWORKS_FOLDER_PATH}/FBLPromises.framework",
				"${TARGET_BUILD_DIR}/${FRAMEWORKS_FOLDER_PATH}/absl.framework",
				"${TARGET_BUILD_DIR}/${FRAMEWORKS_FOLDER_PATH}/grpcpp.framework",
				"${TARGET_BUILD_DIR}/${FRAMEWORKS_FOLDER_PATH}/grpc.framework",
				"${TARGET_BUILD_DIR}/${FRAMEWORKS_FOLDER_PATH}/leveldb.framework",
				"${TARGET_BUILD_DIR}/${FRAMEWORKS_FOLDER_PATH}/nanopb.framework",
			);
			runOnlyForDeploymentPostprocessing = 0;
			shellPath = /bin/sh;
			shellScript = "\"${PODS_ROOT}/Target Support Files/Pods-VancouverMetalShows_v2.0-VancouverMetalShows_v2.0UITests/Pods-VancouverMetalShows_v2.0-VancouverMetalShows_v2.0UITests-frameworks.sh\"\n";
			showEnvVarsInLog = 0;
		};
		BA4097EA2BCCCD6EE73A2DFE /* [CP] Check Pods Manifest.lock */ = {
			isa = PBXShellScriptBuildPhase;
			buildActionMask = 2147483647;
			files = (
			);
			inputFileListPaths = (
			);
			inputPaths = (
				"${PODS_PODFILE_DIR_PATH}/Podfile.lock",
				"${PODS_ROOT}/Manifest.lock",
			);
			name = "[CP] Check Pods Manifest.lock";
			outputFileListPaths = (
			);
			outputPaths = (
				"$(DERIVED_FILE_DIR)/Pods-VancouverMetalShows_v2.0-VancouverMetalShows_v2.0UITests-checkManifestLockResult.txt",
			);
			runOnlyForDeploymentPostprocessing = 0;
			shellPath = /bin/sh;
			shellScript = "diff \"${PODS_PODFILE_DIR_PATH}/Podfile.lock\" \"${PODS_ROOT}/Manifest.lock\" > /dev/null\nif [ $? != 0 ] ; then\n    # print error to STDERR\n    echo \"error: The sandbox is not in sync with the Podfile.lock. Run 'pod install' or update your CocoaPods installation.\" >&2\n    exit 1\nfi\n# This output is used by Xcode 'outputs' to avoid re-running this script phase.\necho \"SUCCESS\" > \"${SCRIPT_OUTPUT_FILE_0}\"\n";
			showEnvVarsInLog = 0;
		};
		DFA4715217C73B8BA7257597 /* [CP] Embed Pods Frameworks */ = {
			isa = PBXShellScriptBuildPhase;
			buildActionMask = 2147483647;
			files = (
			);
			inputPaths = (
				"${PODS_ROOT}/Target Support Files/Pods-VancouverMetalShows_v2.0/Pods-VancouverMetalShows_v2.0-frameworks.sh",
				"${BUILT_PRODUCTS_DIR}/BoringSSL-GRPC/openssl_grpc.framework",
				"${BUILT_PRODUCTS_DIR}/GoogleUtilities/GoogleUtilities.framework",
				"${BUILT_PRODUCTS_DIR}/PromisesObjC/FBLPromises.framework",
				"${BUILT_PRODUCTS_DIR}/abseil/absl.framework",
				"${BUILT_PRODUCTS_DIR}/gRPC-C++/grpcpp.framework",
				"${BUILT_PRODUCTS_DIR}/gRPC-Core/grpc.framework",
				"${BUILT_PRODUCTS_DIR}/leveldb-library/leveldb.framework",
				"${BUILT_PRODUCTS_DIR}/nanopb/nanopb.framework",
			);
			name = "[CP] Embed Pods Frameworks";
			outputPaths = (
				"${TARGET_BUILD_DIR}/${FRAMEWORKS_FOLDER_PATH}/openssl_grpc.framework",
				"${TARGET_BUILD_DIR}/${FRAMEWORKS_FOLDER_PATH}/GoogleUtilities.framework",
				"${TARGET_BUILD_DIR}/${FRAMEWORKS_FOLDER_PATH}/FBLPromises.framework",
				"${TARGET_BUILD_DIR}/${FRAMEWORKS_FOLDER_PATH}/absl.framework",
				"${TARGET_BUILD_DIR}/${FRAMEWORKS_FOLDER_PATH}/grpcpp.framework",
				"${TARGET_BUILD_DIR}/${FRAMEWORKS_FOLDER_PATH}/grpc.framework",
				"${TARGET_BUILD_DIR}/${FRAMEWORKS_FOLDER_PATH}/leveldb.framework",
				"${TARGET_BUILD_DIR}/${FRAMEWORKS_FOLDER_PATH}/nanopb.framework",
			);
			runOnlyForDeploymentPostprocessing = 0;
			shellPath = /bin/sh;
			shellScript = "\"${PODS_ROOT}/Target Support Files/Pods-VancouverMetalShows_v2.0/Pods-VancouverMetalShows_v2.0-frameworks.sh\"\n";
			showEnvVarsInLog = 0;
		};
		F81119A1165E21FA082142ED /* [CP] Check Pods Manifest.lock */ = {
			isa = PBXShellScriptBuildPhase;
			buildActionMask = 2147483647;
			files = (
			);
			inputFileListPaths = (
			);
			inputPaths = (
				"${PODS_PODFILE_DIR_PATH}/Podfile.lock",
				"${PODS_ROOT}/Manifest.lock",
			);
			name = "[CP] Check Pods Manifest.lock";
			outputFileListPaths = (
			);
			outputPaths = (
				"$(DERIVED_FILE_DIR)/Pods-VancouverMetalShows_v2.0-checkManifestLockResult.txt",
			);
			runOnlyForDeploymentPostprocessing = 0;
			shellPath = /bin/sh;
			shellScript = "diff \"${PODS_PODFILE_DIR_PATH}/Podfile.lock\" \"${PODS_ROOT}/Manifest.lock\" > /dev/null\nif [ $? != 0 ] ; then\n    # print error to STDERR\n    echo \"error: The sandbox is not in sync with the Podfile.lock. Run 'pod install' or update your CocoaPods installation.\" >&2\n    exit 1\nfi\n# This output is used by Xcode 'outputs' to avoid re-running this script phase.\necho \"SUCCESS\" > \"${SCRIPT_OUTPUT_FILE_0}\"\n";
			showEnvVarsInLog = 0;
		};
/* End PBXShellScriptBuildPhase section */

/* Begin PBXSourcesBuildPhase section */
		04DCC2161CD6A1B200ED9EF3 /* Sources */ = {
			isa = PBXSourcesBuildPhase;
			buildActionMask = 2147483647;
			files = (
				146F7C632409F86D0032EB1F /* FavouritesTableViewController.m in Sources */,
				04DCC2521CD6A59300ED9EF3 /* ShowModel.m in Sources */,
				140D1971263FB55200BAA11E /* ShowTableViewCell.m in Sources */,
				04DCC2251CD6A1B200ED9EF3 /* ViewController.m in Sources */,
				14E090C7234136190037EC64 /* DetailViewController.m in Sources */,
				04DCC2221CD6A1B200ED9EF3 /* AppDelegate.m in Sources */,
				04DCC2551CD6AC1200ED9EF3 /* MainViewController.m in Sources */,
				04DCC21F1CD6A1B200ED9EF3 /* main.m in Sources */,
				140D19E82658837300BAA11E /* FavShowTableViewCell.m in Sources */,
			);
			runOnlyForDeploymentPostprocessing = 0;
		};
		04DCC22F1CD6A1B200ED9EF3 /* Sources */ = {
			isa = PBXSourcesBuildPhase;
			buildActionMask = 2147483647;
			files = (
				04DCC2381CD6A1B200ED9EF3 /* VancouverMetalShows_v2_0Tests.m in Sources */,
			);
			runOnlyForDeploymentPostprocessing = 0;
		};
		04DCC23A1CD6A1B200ED9EF3 /* Sources */ = {
			isa = PBXSourcesBuildPhase;
			buildActionMask = 2147483647;
			files = (
				04DCC2431CD6A1B200ED9EF3 /* VancouverMetalShows_v2_0UITests.m in Sources */,
			);
			runOnlyForDeploymentPostprocessing = 0;
		};
/* End PBXSourcesBuildPhase section */

/* Begin PBXTargetDependency section */
		04DCC2351CD6A1B200ED9EF3 /* PBXTargetDependency */ = {
			isa = PBXTargetDependency;
			target = 04DCC2191CD6A1B200ED9EF3 /* VancouverMetalShows_v2.0 */;
			targetProxy = 04DCC2341CD6A1B200ED9EF3 /* PBXContainerItemProxy */;
		};
		04DCC2401CD6A1B200ED9EF3 /* PBXTargetDependency */ = {
			isa = PBXTargetDependency;
			target = 04DCC2191CD6A1B200ED9EF3 /* VancouverMetalShows_v2.0 */;
			targetProxy = 04DCC23F1CD6A1B200ED9EF3 /* PBXContainerItemProxy */;
		};
/* End PBXTargetDependency section */

/* Begin PBXVariantGroup section */
		04DCC2261CD6A1B200ED9EF3 /* Main.storyboard */ = {
			isa = PBXVariantGroup;
			children = (
				04DCC2271CD6A1B200ED9EF3 /* Base */,
			);
			name = Main.storyboard;
			sourceTree = "<group>";
		};
		04DCC22B1CD6A1B200ED9EF3 /* LaunchScreen.storyboard */ = {
			isa = PBXVariantGroup;
			children = (
				04DCC22C1CD6A1B200ED9EF3 /* Base */,
			);
			name = LaunchScreen.storyboard;
			sourceTree = "<group>";
		};
/* End PBXVariantGroup section */

/* Begin XCBuildConfiguration section */
		04DCC2451CD6A1B200ED9EF3 /* Debug */ = {
			isa = XCBuildConfiguration;
			buildSettings = {
				ALWAYS_SEARCH_USER_PATHS = NO;
				CLANG_CXX_LANGUAGE_STANDARD = "gnu++0x";
				CLANG_CXX_LIBRARY = "libc++";
				CLANG_ENABLE_MODULES = YES;
				CLANG_ENABLE_OBJC_ARC = YES;
				CLANG_WARN_BLOCK_CAPTURE_AUTORELEASING = YES;
				CLANG_WARN_BOOL_CONVERSION = YES;
				CLANG_WARN_COMMA = YES;
				CLANG_WARN_CONSTANT_CONVERSION = YES;
				CLANG_WARN_DEPRECATED_OBJC_IMPLEMENTATIONS = YES;
				CLANG_WARN_DIRECT_OBJC_ISA_USAGE = YES_ERROR;
				CLANG_WARN_EMPTY_BODY = YES;
				CLANG_WARN_ENUM_CONVERSION = YES;
				CLANG_WARN_INFINITE_RECURSION = YES;
				CLANG_WARN_INT_CONVERSION = YES;
				CLANG_WARN_NON_LITERAL_NULL_CONVERSION = YES;
				CLANG_WARN_OBJC_IMPLICIT_RETAIN_SELF = YES;
				CLANG_WARN_OBJC_LITERAL_CONVERSION = YES;
				CLANG_WARN_OBJC_ROOT_CLASS = YES_ERROR;
				CLANG_WARN_QUOTED_INCLUDE_IN_FRAMEWORK_HEADER = YES;
				CLANG_WARN_RANGE_LOOP_ANALYSIS = YES;
				CLANG_WARN_STRICT_PROTOTYPES = YES;
				CLANG_WARN_SUSPICIOUS_MOVE = YES;
				CLANG_WARN_UNREACHABLE_CODE = YES;
				CLANG_WARN__DUPLICATE_METHOD_MATCH = YES;
				"CODE_SIGN_IDENTITY[sdk=iphoneos*]" = "iPhone Developer";
				COPY_PHASE_STRIP = NO;
				DEBUG_INFORMATION_FORMAT = dwarf;
				ENABLE_STRICT_OBJC_MSGSEND = YES;
				ENABLE_TESTABILITY = YES;
				"EXCLUDED_ARCHS[sdk=iphonesimulator*]" = arm64;
				GCC_C_LANGUAGE_STANDARD = gnu99;
				GCC_DYNAMIC_NO_PIC = NO;
				GCC_NO_COMMON_BLOCKS = YES;
				GCC_OPTIMIZATION_LEVEL = 0;
				GCC_PREPROCESSOR_DEFINITIONS = (
					"DEBUG=1",
					"$(inherited)",
				);
				GCC_WARN_64_TO_32_BIT_CONVERSION = YES;
				GCC_WARN_ABOUT_RETURN_TYPE = YES_ERROR;
				GCC_WARN_UNDECLARED_SELECTOR = YES;
				GCC_WARN_UNINITIALIZED_AUTOS = YES_AGGRESSIVE;
				GCC_WARN_UNUSED_FUNCTION = YES;
				GCC_WARN_UNUSED_VARIABLE = YES;
				IPHONEOS_DEPLOYMENT_TARGET = 12.0;
				MTL_ENABLE_DEBUG_INFO = YES;
				ONLY_ACTIVE_ARCH = YES;
				OTHER_LDFLAGS = (
					"$(OTHER_LDFLAGS)",
					"-ObjC",
				);
				SDKROOT = iphoneos;
				VALIDATE_WORKSPACE = YES;
			};
			name = Debug;
		};
		04DCC2461CD6A1B200ED9EF3 /* Release */ = {
			isa = XCBuildConfiguration;
			buildSettings = {
				ALWAYS_SEARCH_USER_PATHS = NO;
				CLANG_CXX_LANGUAGE_STANDARD = "gnu++0x";
				CLANG_CXX_LIBRARY = "libc++";
				CLANG_ENABLE_MODULES = YES;
				CLANG_ENABLE_OBJC_ARC = YES;
				CLANG_WARN_BLOCK_CAPTURE_AUTORELEASING = YES;
				CLANG_WARN_BOOL_CONVERSION = YES;
				CLANG_WARN_COMMA = YES;
				CLANG_WARN_CONSTANT_CONVERSION = YES;
				CLANG_WARN_DEPRECATED_OBJC_IMPLEMENTATIONS = YES;
				CLANG_WARN_DIRECT_OBJC_ISA_USAGE = YES_ERROR;
				CLANG_WARN_EMPTY_BODY = YES;
				CLANG_WARN_ENUM_CONVERSION = YES;
				CLANG_WARN_INFINITE_RECURSION = YES;
				CLANG_WARN_INT_CONVERSION = YES;
				CLANG_WARN_NON_LITERAL_NULL_CONVERSION = YES;
				CLANG_WARN_OBJC_IMPLICIT_RETAIN_SELF = YES;
				CLANG_WARN_OBJC_LITERAL_CONVERSION = YES;
				CLANG_WARN_OBJC_ROOT_CLASS = YES_ERROR;
				CLANG_WARN_QUOTED_INCLUDE_IN_FRAMEWORK_HEADER = YES;
				CLANG_WARN_RANGE_LOOP_ANALYSIS = YES;
				CLANG_WARN_STRICT_PROTOTYPES = YES;
				CLANG_WARN_SUSPICIOUS_MOVE = YES;
				CLANG_WARN_UNREACHABLE_CODE = YES;
				CLANG_WARN__DUPLICATE_METHOD_MATCH = YES;
				"CODE_SIGN_IDENTITY[sdk=iphoneos*]" = "iPhone Developer";
				COPY_PHASE_STRIP = NO;
				DEBUG_INFORMATION_FORMAT = "dwarf-with-dsym";
				ENABLE_NS_ASSERTIONS = NO;
				ENABLE_STRICT_OBJC_MSGSEND = YES;
				"EXCLUDED_ARCHS[sdk=iphonesimulator*]" = arm64;
				GCC_C_LANGUAGE_STANDARD = gnu99;
				GCC_NO_COMMON_BLOCKS = YES;
				GCC_WARN_64_TO_32_BIT_CONVERSION = YES;
				GCC_WARN_ABOUT_RETURN_TYPE = YES_ERROR;
				GCC_WARN_UNDECLARED_SELECTOR = YES;
				GCC_WARN_UNINITIALIZED_AUTOS = YES_AGGRESSIVE;
				GCC_WARN_UNUSED_FUNCTION = YES;
				GCC_WARN_UNUSED_VARIABLE = YES;
				IPHONEOS_DEPLOYMENT_TARGET = 12.0;
				MTL_ENABLE_DEBUG_INFO = NO;
				OTHER_LDFLAGS = (
					"$(OTHER_LDFLAGS)",
					"-ObjC",
				);
				SDKROOT = iphoneos;
				VALIDATE_PRODUCT = YES;
				VALIDATE_WORKSPACE = YES;
			};
			name = Release;
		};
		04DCC2481CD6A1B200ED9EF3 /* Debug */ = {
			isa = XCBuildConfiguration;
			baseConfigurationReference = E44A9A25C006100285ED0FCD /* Pods-VancouverMetalShows_v2.0.debug.xcconfig */;
			buildSettings = {
				ASSETCATALOG_COMPILER_APPICON_NAME = AppIcon;
				FRAMEWORK_SEARCH_PATHS = (
					"$(inherited)",
					"$(PROJECT_DIR)/GoogleMaps-5.0.0/Base/Frameworks",
					"$(PROJECT_DIR)/GoogleMaps-5.0.0/Maps/Frameworks",
					"$(PROJECT_DIR)/GoogleMaps-5.0.0\\ 2/Maps/Frameworks",
					"$(PROJECT_DIR)/GoogleMaps-5.0.0\\ 2/Base/Frameworks",
				);
				INFOPLIST_FILE = VancouverMetalShows_v2.0/Info.plist;
				IPHONEOS_DEPLOYMENT_TARGET = 12.0;
				LD_RUNPATH_SEARCH_PATHS = "$(inherited) @executable_path/Frameworks";
				PRODUCT_BUNDLE_IDENTIFIER = "Habib.VancouverMetalShows-v2-0";
				PRODUCT_NAME = "$(TARGET_NAME)";
			};
			name = Debug;
		};
		04DCC2491CD6A1B200ED9EF3 /* Release */ = {
			isa = XCBuildConfiguration;
			baseConfigurationReference = D2DA762B1D8E5BE4B826D713 /* Pods-VancouverMetalShows_v2.0.release.xcconfig */;
			buildSettings = {
				ASSETCATALOG_COMPILER_APPICON_NAME = AppIcon;
				FRAMEWORK_SEARCH_PATHS = (
					"$(inherited)",
					"$(PROJECT_DIR)/GoogleMaps-5.0.0/Base/Frameworks",
					"$(PROJECT_DIR)/GoogleMaps-5.0.0/Maps/Frameworks",
					"$(PROJECT_DIR)/GoogleMaps-5.0.0\\ 2/Maps/Frameworks",
					"$(PROJECT_DIR)/GoogleMaps-5.0.0\\ 2/Base/Frameworks",
				);
				INFOPLIST_FILE = VancouverMetalShows_v2.0/Info.plist;
				IPHONEOS_DEPLOYMENT_TARGET = 12.0;
				LD_RUNPATH_SEARCH_PATHS = "$(inherited) @executable_path/Frameworks";
				PRODUCT_BUNDLE_IDENTIFIER = "Habib.VancouverMetalShows-v2-0";
				PRODUCT_NAME = "$(TARGET_NAME)";
			};
			name = Release;
		};
		04DCC24B1CD6A1B200ED9EF3 /* Debug */ = {
			isa = XCBuildConfiguration;
			baseConfigurationReference = 9E223F1B309A44C64637B9ED /* Pods-VancouverMetalShows_v2.0Tests.debug.xcconfig */;
			buildSettings = {
				BUNDLE_LOADER = "$(TEST_HOST)";
				INFOPLIST_FILE = VancouverMetalShows_v2.0Tests/Info.plist;
				LD_RUNPATH_SEARCH_PATHS = "$(inherited) @executable_path/Frameworks @loader_path/Frameworks";
				PRODUCT_BUNDLE_IDENTIFIER = "Habib.VancouverMetalShows-v2-0Tests";
				PRODUCT_NAME = "$(TARGET_NAME)";
				TEST_HOST = "$(BUILT_PRODUCTS_DIR)/VancouverMetalShows_v2.0.app/VancouverMetalShows_v2.0";
			};
			name = Debug;
		};
		04DCC24C1CD6A1B200ED9EF3 /* Release */ = {
			isa = XCBuildConfiguration;
			baseConfigurationReference = D984DB2A6F7970488F3F366A /* Pods-VancouverMetalShows_v2.0Tests.release.xcconfig */;
			buildSettings = {
				BUNDLE_LOADER = "$(TEST_HOST)";
				INFOPLIST_FILE = VancouverMetalShows_v2.0Tests/Info.plist;
				LD_RUNPATH_SEARCH_PATHS = "$(inherited) @executable_path/Frameworks @loader_path/Frameworks";
				PRODUCT_BUNDLE_IDENTIFIER = "Habib.VancouverMetalShows-v2-0Tests";
				PRODUCT_NAME = "$(TARGET_NAME)";
				TEST_HOST = "$(BUILT_PRODUCTS_DIR)/VancouverMetalShows_v2.0.app/VancouverMetalShows_v2.0";
			};
			name = Release;
		};
		04DCC24E1CD6A1B200ED9EF3 /* Debug */ = {
			isa = XCBuildConfiguration;
			baseConfigurationReference = 63FBEB21285EDFBFB4089ABA /* Pods-VancouverMetalShows_v2.0-VancouverMetalShows_v2.0UITests.debug.xcconfig */;
			buildSettings = {
				INFOPLIST_FILE = VancouverMetalShows_v2.0UITests/Info.plist;
				LD_RUNPATH_SEARCH_PATHS = "$(inherited) @executable_path/Frameworks @loader_path/Frameworks";
				PRODUCT_BUNDLE_IDENTIFIER = "Habib.VancouverMetalShows-v2-0UITests";
				PRODUCT_NAME = "$(TARGET_NAME)";
				TEST_TARGET_NAME = VancouverMetalShows_v2.0;
				USES_XCTRUNNER = YES;
			};
			name = Debug;
		};
		04DCC24F1CD6A1B200ED9EF3 /* Release */ = {
			isa = XCBuildConfiguration;
			baseConfigurationReference = 422E2B0C85DD72C19E41BA56 /* Pods-VancouverMetalShows_v2.0-VancouverMetalShows_v2.0UITests.release.xcconfig */;
			buildSettings = {
				INFOPLIST_FILE = VancouverMetalShows_v2.0UITests/Info.plist;
				LD_RUNPATH_SEARCH_PATHS = "$(inherited) @executable_path/Frameworks @loader_path/Frameworks";
				PRODUCT_BUNDLE_IDENTIFIER = "Habib.VancouverMetalShows-v2-0UITests";
				PRODUCT_NAME = "$(TARGET_NAME)";
				TEST_TARGET_NAME = VancouverMetalShows_v2.0;
				USES_XCTRUNNER = YES;
			};
			name = Release;
		};
/* End XCBuildConfiguration section */

/* Begin XCConfigurationList section */
		04DCC2151CD6A1B200ED9EF3 /* Build configuration list for PBXProject "VancouverMetalShows_v2.0" */ = {
			isa = XCConfigurationList;
			buildConfigurations = (
				04DCC2451CD6A1B200ED9EF3 /* Debug */,
				04DCC2461CD6A1B200ED9EF3 /* Release */,
			);
			defaultConfigurationIsVisible = 0;
			defaultConfigurationName = Release;
		};
		04DCC2471CD6A1B200ED9EF3 /* Build configuration list for PBXNativeTarget "VancouverMetalShows_v2.0" */ = {
			isa = XCConfigurationList;
			buildConfigurations = (
				04DCC2481CD6A1B200ED9EF3 /* Debug */,
				04DCC2491CD6A1B200ED9EF3 /* Release */,
			);
			defaultConfigurationIsVisible = 0;
			defaultConfigurationName = Release;
		};
		04DCC24A1CD6A1B200ED9EF3 /* Build configuration list for PBXNativeTarget "VancouverMetalShows_v2.0Tests" */ = {
			isa = XCConfigurationList;
			buildConfigurations = (
				04DCC24B1CD6A1B200ED9EF3 /* Debug */,
				04DCC24C1CD6A1B200ED9EF3 /* Release */,
			);
			defaultConfigurationIsVisible = 0;
			defaultConfigurationName = Release;
		};
		04DCC24D1CD6A1B200ED9EF3 /* Build configuration list for PBXNativeTarget "VancouverMetalShows_v2.0UITests" */ = {
			isa = XCConfigurationList;
			buildConfigurations = (
				04DCC24E1CD6A1B200ED9EF3 /* Debug */,
				04DCC24F1CD6A1B200ED9EF3 /* Release */,
			);
			defaultConfigurationIsVisible = 0;
			defaultConfigurationName = Release;
		};
/* End XCConfigurationList section */
	};
	rootObject = 04DCC2121CD6A1B200ED9EF3 /* Project object */;
}
